// !$*UTF8*$!
{
	archiveVersion = 1;
	classes = {
	};
	objectVersion = 48;
	objects = {

/* Begin PBXBuildFile section */
		438247041F9F300300D39889 /* AppDelegate.swift in Sources */ = {isa = PBXBuildFile; fileRef = 438247031F9F300300D39889 /* AppDelegate.swift */; };
		438247061F9F300300D39889 /* ViewController.swift in Sources */ = {isa = PBXBuildFile; fileRef = 438247051F9F300300D39889 /* ViewController.swift */; };
		438247091F9F300300D39889 /* Main.storyboard in Resources */ = {isa = PBXBuildFile; fileRef = 438247071F9F300300D39889 /* Main.storyboard */; };
		4382470B1F9F300300D39889 /* Assets.xcassets in Resources */ = {isa = PBXBuildFile; fileRef = 4382470A1F9F300300D39889 /* Assets.xcassets */; };
		4382470E1F9F300400D39889 /* LaunchScreen.storyboard in Resources */ = {isa = PBXBuildFile; fileRef = 4382470C1F9F300400D39889 /* LaunchScreen.storyboard */; };
		438247161F9F337A00D39889 /* 08 Mouth Of The River.mp3 in Resources */ = {isa = PBXBuildFile; fileRef = 438247151F9F337A00D39889 /* 08 Mouth Of The River.mp3 */; };
/* End PBXBuildFile section */

/* Begin PBXFileReference section */
		438247001F9F300300D39889 /* myMusikPlayer.app */ = {isa = PBXFileReference; explicitFileType = wrapper.application; includeInIndex = 0; path = myMusikPlayer.app; sourceTree = BUILT_PRODUCTS_DIR; };
		438247031F9F300300D39889 /* AppDelegate.swift */ = {isa = PBXFileReference; lastKnownFileType = sourcecode.swift; path = AppDelegate.swift; sourceTree = "<group>"; };
		438247051F9F300300D39889 /* ViewController.swift */ = {isa = PBXFileReference; lastKnownFileType = sourcecode.swift; path = ViewController.swift; sourceTree = "<group>"; };
		438247081F9F300300D39889 /* Base */ = {isa = PBXFileReference; lastKnownFileType = file.storyboard; name = Base; path = Base.lproj/Main.storyboard; sourceTree = "<group>"; };
		4382470A1F9F300300D39889 /* Assets.xcassets */ = {isa = PBXFileReference; lastKnownFileType = folder.assetcatalog; path = Assets.xcassets; sourceTree = "<group>"; };
		4382470D1F9F300400D39889 /* Base */ = {isa = PBXFileReference; lastKnownFileType = file.storyboard; name = Base; path = Base.lproj/LaunchScreen.storyboard; sourceTree = "<group>"; };
		4382470F1F9F300400D39889 /* Info.plist */ = {isa = PBXFileReference; lastKnownFileType = text.plist.xml; path = Info.plist; sourceTree = "<group>"; };
		438247151F9F337A00D39889 /* 08 Mouth Of The River.mp3 */ = {isa = PBXFileReference; lastKnownFileType = audio.mp3; path = "08 Mouth Of The River.mp3"; sourceTree = "<group>"; };
/* End PBXFileReference section */

/* Begin PBXFrameworksBuildPhase section */
		438246FD1F9F300300D39889 /* Frameworks */ = {
			isa = PBXFrameworksBuildPhase;
			buildActionMask = 2147483647;
			files = (
			);
			runOnlyForDeploymentPostprocessing = 0;
		};
/* End PBXFrameworksBuildPhase section */

/* Begin PBXGroup section */
		438246F71F9F300300D39889 = {
			isa = PBXGroup;
			children = (
				438247021F9F300300D39889 /* myMusikPlayer */,
				438247011F9F300300D39889 /* Products */,
			);
			sourceTree = "<group>";
		};
		438247011F9F300300D39889 /* Products */ = {
			isa = PBXGroup;
			children = (
				438247001F9F300300D39889 /* myMusikPlayer.app */,
			);
			name = Products;
			sourceTree = "<group>";
		};
		438247021F9F300300D39889 /* myMusikPlayer */ = {
			isa = PBXGroup;
			children = (
				438247031F9F300300D39889 /* AppDelegate.swift */,
				438247051F9F300300D39889 /* ViewController.swift */,
				438247071F9F300300D39889 /* Main.storyboard */,
				4382470A1F9F300300D39889 /* Assets.xcassets */,
				4382470F1F9F300400D39889 /* Info.plist */,
				438247151F9F337A00D39889 /* 08 Mouth Of The River.mp3 */,
				4382470C1F9F300400D39889 /* LaunchScreen.storyboard */,
			);
			path = myMusikPlayer;
			sourceTree = "<group>";
		};
/* End PBXGroup section */

/* Begin PBXNativeTarget section */
		438246FF1F9F300300D39889 /* myMusikPlayer */ = {
			isa = PBXNativeTarget;
			buildConfigurationList = 438247121F9F300400D39889 /* Build configuration list for PBXNativeTarget "myMusikPlayer" */;
			buildPhases = (
				438246FC1F9F300300D39889 /* Sources */,
				438246FD1F9F300300D39889 /* Frameworks */,
				438246FE1F9F300300D39889 /* Resources */,
			);
			buildRules = (
			);
			dependencies = (
			);
			name = myMusikPlayer;
			productName = myMusikPlayer;
			productReference = 438247001F9F300300D39889 /* myMusikPlayer.app */;
			productType = "com.apple.product-type.application";
		};
/* End PBXNativeTarget section */

/* Begin PBXProject section */
		438246F81F9F300300D39889 /* Project object */ = {
			isa = PBXProject;
			attributes = {
				LastSwiftUpdateCheck = 0900;
				LastUpgradeCheck = 0900;
				ORGANIZATIONNAME = "Bogdan Deshko";
				TargetAttributes = {
					438246FF1F9F300300D39889 = {
						CreatedOnToolsVersion = 9.0.1;
						ProvisioningStyle = Automatic;
					};
				};
			};
			buildConfigurationList = 438246FB1F9F300300D39889 /* Build configuration list for PBXProject "myMusikPlayer" */;
			compatibilityVersion = "Xcode 8.0";
			developmentRegion = en;
			hasScannedForEncodings = 0;
			knownRegions = (
				en,
				Base,
			);
			mainGroup = 438246F71F9F300300D39889;
			productRefGroup = 438247011F9F300300D39889 /* Products */;
			projectDirPath = "";
			projectRoot = "";
			targets = (
				438246FF1F9F300300D39889 /* myMusikPlayer */,
			);
		};
/* End PBXProject section */

/* Begin PBXResourcesBuildPhase section */
		438246FE1F9F300300D39889 /* Resources */ = {
			isa = PBXResourcesBuildPhase;
			buildActionMask = 2147483647;
			files = (
				4382470E1F9F300400D39889 /* LaunchScreen.storyboard in Resources */,
				4382470B1F9F300300D39889 /* Assets.xcassets in Resources */,
				438247161F9F337A00D39889 /* 08 Mouth Of The River.mp3 in Resources */,
				438247091F9F300300D39889 /* Main.storyboard in Resources */,
			);
			runOnlyForDeploymentPostprocessing = 0;
		};
/* End PBXResourcesBuildPhase section */

/* Begin PBXSourcesBuildPhase section */
		438246FC1F9F300300D39889 /* Sources */ = {
			isa = PBXSourcesBuildPhase;
			buildActionMask = 2147483647;
			files = (
				438247061F9F300300D39889 /* ViewController.swift in Sources */,
				438247041F9F300300D39889 /* AppDelegate.swift in Sources */,
			);
			runOnlyForDeploymentPostprocessing = 0;
		};
/* End PBXSourcesBuildPhase section */

/* Begin PBXVariantGroup section */
		438247071F9F300300D39889 /* Main.storyboard */ = {
			isa = PBXVariantGroup;
			children = (
				438247081F9F300300D39889 /* Base */,
			);
			name = Main.storyboard;
			sourceTree = "<group>";
		};
		4382470C1F9F300400D39889 /* LaunchScreen.storyboard */ = {
			isa = PBXVariantGroup;
			children = (
				4382470D1F9F300400D39889 /* Base */,
			);
			name = LaunchScreen.storyboard;
			sourceTree = "<group>";
		};
/* End PBXVariantGroup section */

/* Begin XCBuildConfiguration section */
		438247101F9F300400D39889 /* Debug */ = {
			isa = XCBuildConfiguration;
			buildSettings = {
				ALWAYS_SEARCH_USER_PATHS = NO;
				CLANG_ANALYZER_NONNULL = YES;
				CLANG_ANALYZER_NUMBER_OBJECT_CONVERSION = YES_AGGRESSIVE;
				CLANG_CXX_LANGUAGE_STANDARD = "gnu++14";
				CLANG_CXX_LIBRARY = "libc++";
				CLANG_ENABLE_MODULES = YES;
				CLANG_ENABLE_OBJC_ARC = YES;
				CLANG_WARN_BLOCK_CAPTURE_AUTORELEASING = YES;
				CLANG_WARN_BOOL_CONVERSION = YES;
				CLANG_WARN_COMMA = YES;
				CLANG_WARN_CONSTANT_CONVERSION = YES;
				CLANG_WARN_DIRECT_OBJC_ISA_USAGE = YES_ERROR;
				CLANG_WARN_DOCUMENTATION_COMMENTS = YES;
				CLANG_WARN_EMPTY_BODY = YES;
				CLANG_WARN_ENUM_CONVERSION = YES;
				CLANG_WARN_INFINITE_RECURSION = YES;
				CLANG_WARN_INT_CONVERSION = YES;
				CLANG_WARN_NON_LITERAL_NULL_CONVERSION = YES;
				CLANG_WARN_OBJC_LITERAL_CONVERSION = YES;
				CLANG_WARN_OBJC_ROOT_CLASS = YES_ERROR;
				CLANG_WARN_RANGE_LOOP_ANALYSIS = YES;
				CLANG_WARN_STRICT_PROTOTYPES = YES;
				CLANG_WARN_SUSPICIOUS_MOVE = YES;
				CLANG_WARN_UNGUARDED_AVAILABILITY = YES_AGGRESSIVE;
				CLANG_WARN_UNREACHABLE_CODE = YES;
				CLANG_WARN__DUPLICATE_METHOD_MATCH = YES;
				CODE_SIGN_IDENTITY = "iPhone Developer";
				COPY_PHASE_STRIP = NO;
				DEBUG_INFORMATION_FORMAT = dwarf;
				ENABLE_STRICT_OBJC_MSGSEND = YES;
				ENABLE_TESTABILITY = YES;
				GCC_C_LANGUAGE_STANDARD = gnu11;
				GCC_DYNAMIC_NO_PIC = NO;
				GCC_NO_COMMON_BLOCKS = YES;
				GCC_OPTIMIZATION_LEVEL = 0;
				GCC_PREPROCESSOR_DEFINITIONS = (
					"DEBUG=1",
					"$(inherited)",
				);
				GCC_WARN_64_TO_32_BIT_CONVERSION = YES;
				GCC_WARN_ABOUT_RETURN_TYPE = YES_ERROR;
				GCC_WARN_UNDECLARED_SELECTOR = YES;
				GCC_WARN_UNINITIALIZED_AUTOS = YES_AGGRESSIVE;
				GCC_WARN_UNUSED_FUNCTION = YES;
				GCC_WARN_UNUSED_VARIABLE = YES;
				IPHONEOS_DEPLOYMENT_TARGET = 11.0;
				MTL_ENABLE_DEBUG_INFO = YES;
				ONLY_ACTIVE_ARCH = YES;
				SDKROOT = iphoneos;
				SWIFT_ACTIVE_COMPILATION_CONDITIONS = DEBUG;
				SWIFT_OPTIMIZATION_LEVEL = "-Onone";
			};
			name = Debug;
		};
		438247111F9F300400D39889 /* Release */ = {
			isa = XCBuildConfiguration;
			buildSettings = {
				ALWAYS_SEARCH_USER_PATHS = NO;
				CLANG_ANALYZER_NONNULL = YES;
				CLANG_ANALYZER_NUMBER_OBJECT_CONVERSION = YES_AGGRESSIVE;
				CLANG_CXX_LANGUAGE_STANDARD = "gnu++14";
				CLANG_CXX_LIBRARY = "libc++";
				CLANG_ENABLE_MODULES = YES;
				CLANG_ENABLE_OBJC_ARC = YES;
				CLANG_WARN_BLOCK_CAPTURE_AUTORELEASING = YES;
				CLANG_WARN_BOOL_CONVERSION = YES;
				CLANG_WARN_COMMA = YES;
				CLANG_WARN_CONSTANT_CONVERSION = YES;
				CLANG_WARN_DIRECT_OBJC_ISA_USAGE = YES_ERROR;
				CLANG_WARN_DOCUMENTATION_COMMENTS = YES;
				CLANG_WARN_EMPTY_BODY = YES;
				CLANG_WARN_ENUM_CONVERSION = YES;
				CLANG_WARN_INFINITE_RECURSION = YES;
				CLANG_WARN_INT_CONVERSION = YES;
				CLANG_WARN_NON_LITERAL_NULL_CONVERSION = YES;
				CLANG_WARN_OBJC_LITERAL_CONVERSION = YES;
				CLANG_WARN_OBJC_ROOT_CLASS = YES_ERROR;
				CLANG_WARN_RANGE_LOOP_ANALYSIS = YES;
				CLANG_WARN_STRICT_PROTOTYPES = YES;
				CLANG_WARN_SUSPICIOUS_MOVE = YES;
				CLANG_WARN_UNGUARDED_AVAILABILITY = YES_AGGRESSIVE;
				CLANG_WARN_UNREACHABLE_CODE = YES;
				CLANG_WARN__DUPLICATE_METHOD_MATCH = YES;
				CODE_SIGN_IDENTITY = "iPhone Developer";
				COPY_PHASE_STRIP = NO;
				DEBUG_INFORMATION_FORMAT = "dwarf-with-dsym";
				ENABLE_NS_ASSERTIONS = NO;
				ENABLE_STRICT_OBJC_MSGSEND = YES;
				GCC_C_LANGUAGE_STANDARD = gnu11;
				GCC_NO_COMMON_BLOCKS = YES;
				GCC_WARN_64_TO_32_BIT_CONVERSION = YES;
				GCC_WARN_ABOUT_RETURN_TYPE = YES_ERROR;
				GCC_WARN_UNDECLARED_SELECTOR = YES;
				GCC_WARN_UNINITIALIZED_AUTOS = YES_AGGRESSIVE;
				GCC_WARN_UNUSED_FUNCTION = YES;
				GCC_WARN_UNUSED_VARIABLE = YES;
				IPHONEOS_DEPLOYMENT_TARGET = 11.0;
				MTL_ENABLE_DEBUG_INFO = NO;
				SDKROOT = iphoneos;
				SWIFT_OPTIMIZATION_LEVEL = "-Owholemodule";
				VALIDATE_PRODUCT = YES;
			};
			name = Release;
		};
		438247131F9F300400D39889 /* Debug */ = {
			isa = XCBuildConfiguration;
			buildSettings = {
				ASSETCATALOG_COMPILER_APPICON_NAME = AppIcon;
				CODE_SIGN_STYLE = Automatic;
				DEVELOPMENT_TEAM = 36LCQ3K54Z;
				INFOPLIST_FILE = myMusikPlayer/Info.plist;
				IPHONEOS_DEPLOYMENT_TARGET = 11.0;
				LD_RUNPATH_SEARCH_PATHS = "$(inherited) @executable_path/Frameworks";
				PRODUCT_BUNDLE_IDENTIFIER = TH.myMusikPlayer;
				PRODUCT_NAME = "$(TARGET_NAME)";
				SWIFT_VERSION = 4.0;
				TARGETED_DEVICE_FAMILY = "1,2";
			};
			name = Debug;
		};
		438247141F9F300400D39889 /* Release */ = {
			isa = XCBuildConfiguration;
			buildSettings = {
				ASSETCATALOG_COMPILER_APPICON_NAME = AppIcon;
				CODE_SIGN_STYLE = Automatic;
				DEVELOPMENT_TEAM = 36LCQ3K54Z;
				INFOPLIST_FILE = myMusikPlayer/Info.plist;
				IPHONEOS_DEPLOYMENT_TARGET = 11.0;
				LD_RUNPATH_SEARCH_PATHS = "$(inherited) @executable_path/Frameworks";
				PRODUCT_BUNDLE_IDENTIFIER = TH.myMusikPlayer;
				PRODUCT_NAME = "$(TARGET_NAME)";
				SWIFT_VERSION = 4.0;
				TARGETED_DEVICE_FAMILY = "1,2";
			};
			name = Release;
		};
/* End XCBuildConfiguration section */

/* Begin XCConfigurationList section */
		438246FB1F9F300300D39889 /* Build configuration list for PBXProject "myMusikPlayer" */ = {
			isa = XCConfigurationList;
			buildConfigurations = (
				438247101F9F300400D39889 /* Debug */,
				438247111F9F300400D39889 /* Release */,
			);
			defaultConfigurationIsVisible = 0;
			defaultConfigurationName = Release;
		};
		438247121F9F300400D39889 /* Build configuration list for PBXNativeTarget "myMusikPlayer" */ = {
			isa = XCConfigurationList;
			buildConfigurations = (
				438247131F9F300400D39889 /* Debug */,
				438247141F9F300400D39889 /* Release */,
			);
			defaultConfigurationIsVisible = 0;
			defaultConfigurationName = Release;
		};
/* End XCConfigurationList section */
	};
	rootObject = 438246F81F9F300300D39889 /* Project object */;
}
